// !$*UTF8*$!
{
	archiveVersion = 1;
	classes = {
	};
	objectVersion = 46;
	objects = {

/* Begin PBXBuildFile section */
		D8FE1E231CC2996B00D878BD /* AppDelegate.swift in Sources */ = {isa = PBXBuildFile; fileRef = D8FE1E221CC2996B00D878BD /* AppDelegate.swift */; };
		D8FE1E251CC2996B00D878BD /* ViewController.swift in Sources */ = {isa = PBXBuildFile; fileRef = D8FE1E241CC2996B00D878BD /* ViewController.swift */; };
		D8FE1E281CC2996C00D878BD /* Main.storyboard in Resources */ = {isa = PBXBuildFile; fileRef = D8FE1E261CC2996C00D878BD /* Main.storyboard */; };
		D8FE1E2A1CC2996C00D878BD /* Assets.xcassets in Resources */ = {isa = PBXBuildFile; fileRef = D8FE1E291CC2996C00D878BD /* Assets.xcassets */; };
		D8FE1E2D1CC2996C00D878BD /* LaunchScreen.storyboard in Resources */ = {isa = PBXBuildFile; fileRef = D8FE1E2B1CC2996C00D878BD /* LaunchScreen.storyboard */; };
		D8FE1E381CC2996C00D878BD /* NomNomTests.swift in Sources */ = {isa = PBXBuildFile; fileRef = D8FE1E371CC2996C00D878BD /* NomNomTests.swift */; };
		D8FE1E431CC2996C00D878BD /* NomNomUITests.swift in Sources */ = {isa = PBXBuildFile; fileRef = D8FE1E421CC2996C00D878BD /* NomNomUITests.swift */; };
/* End PBXBuildFile section */

/* Begin PBXContainerItemProxy section */
		D8FE1E341CC2996C00D878BD /* PBXContainerItemProxy */ = {
			isa = PBXContainerItemProxy;
			containerPortal = D8FE1E171CC2996B00D878BD /* Project object */;
			proxyType = 1;
			remoteGlobalIDString = D8FE1E1E1CC2996B00D878BD;
			remoteInfo = NomNom;
		};
		D8FE1E3F1CC2996C00D878BD /* PBXContainerItemProxy */ = {
			isa = PBXContainerItemProxy;
			containerPortal = D8FE1E171CC2996B00D878BD /* Project object */;
			proxyType = 1;
			remoteGlobalIDString = D8FE1E1E1CC2996B00D878BD;
			remoteInfo = NomNom;
		};
/* End PBXContainerItemProxy section */

/* Begin PBXFileReference section */
		D8FE1E1F1CC2996B00D878BD /* NomNom.app */ = {isa = PBXFileReference; explicitFileType = wrapper.application; includeInIndex = 0; path = NomNom.app; sourceTree = BUILT_PRODUCTS_DIR; };
		D8FE1E221CC2996B00D878BD /* AppDelegate.swift */ = {isa = PBXFileReference; lastKnownFileType = sourcecode.swift; path = AppDelegate.swift; sourceTree = "<group>"; };
		D8FE1E241CC2996B00D878BD /* ViewController.swift */ = {isa = PBXFileReference; lastKnownFileType = sourcecode.swift; path = ViewController.swift; sourceTree = "<group>"; };
		D8FE1E271CC2996C00D878BD /* Base */ = {isa = PBXFileReference; lastKnownFileType = file.storyboard; name = Base; path = Base.lproj/Main.storyboard; sourceTree = "<group>"; };
		D8FE1E291CC2996C00D878BD /* Assets.xcassets */ = {isa = PBXFileReference; lastKnownFileType = folder.assetcatalog; path = Assets.xcassets; sourceTree = "<group>"; };
		D8FE1E2C1CC2996C00D878BD /* Base */ = {isa = PBXFileReference; lastKnownFileType = file.storyboard; name = Base; path = Base.lproj/LaunchScreen.storyboard; sourceTree = "<group>"; };
		D8FE1E2E1CC2996C00D878BD /* Info.plist */ = {isa = PBXFileReference; lastKnownFileType = text.plist.xml; path = Info.plist; sourceTree = "<group>"; };
		D8FE1E331CC2996C00D878BD /* NomNomTests.xctest */ = {isa = PBXFileReference; explicitFileType = wrapper.cfbundle; includeInIndex = 0; path = NomNomTests.xctest; sourceTree = BUILT_PRODUCTS_DIR; };
		D8FE1E371CC2996C00D878BD /* NomNomTests.swift */ = {isa = PBXFileReference; lastKnownFileType = sourcecode.swift; path = NomNomTests.swift; sourceTree = "<group>"; };
		D8FE1E391CC2996C00D878BD /* Info.plist */ = {isa = PBXFileReference; lastKnownFileType = text.plist.xml; path = Info.plist; sourceTree = "<group>"; };
		D8FE1E3E1CC2996C00D878BD /* NomNomUITests.xctest */ = {isa = PBXFileReference; explicitFileType = wrapper.cfbundle; includeInIndex = 0; path = NomNomUITests.xctest; sourceTree = BUILT_PRODUCTS_DIR; };
		D8FE1E421CC2996C00D878BD /* NomNomUITests.swift */ = {isa = PBXFileReference; lastKnownFileType = sourcecode.swift; path = NomNomUITests.swift; sourceTree = "<group>"; };
		D8FE1E441CC2996C00D878BD /* Info.plist */ = {isa = PBXFileReference; lastKnownFileType = text.plist.xml; path = Info.plist; sourceTree = "<group>"; };
/* End PBXFileReference section */

/* Begin PBXFrameworksBuildPhase section */
		D8FE1E1C1CC2996B00D878BD /* Frameworks */ = {
			isa = PBXFrameworksBuildPhase;
			buildActionMask = 2147483647;
			files = (
			);
			runOnlyForDeploymentPostprocessing = 0;
		};
		D8FE1E301CC2996C00D878BD /* Frameworks */ = {
			isa = PBXFrameworksBuildPhase;
			buildActionMask = 2147483647;
			files = (
			);
			runOnlyForDeploymentPostprocessing = 0;
		};
		D8FE1E3B1CC2996C00D878BD /* Frameworks */ = {
			isa = PBXFrameworksBuildPhase;
			buildActionMask = 2147483647;
			files = (
			);
			runOnlyForDeploymentPostprocessing = 0;
		};
/* End PBXFrameworksBuildPhase section */

/* Begin PBXGroup section */
		D8FE1E161CC2996B00D878BD = {
			isa = PBXGroup;
			children = (
				D8FE1E211CC2996B00D878BD /* NomNom */,
				D8FE1E361CC2996C00D878BD /* NomNomTests */,
				D8FE1E411CC2996C00D878BD /* NomNomUITests */,
				D8FE1E201CC2996B00D878BD /* Products */,
			);
			sourceTree = "<group>";
		};
		D8FE1E201CC2996B00D878BD /* Products */ = {
			isa = PBXGroup;
			children = (
				D8FE1E1F1CC2996B00D878BD /* NomNom.app */,
				D8FE1E331CC2996C00D878BD /* NomNomTests.xctest */,
				D8FE1E3E1CC2996C00D878BD /* NomNomUITests.xctest */,
			);
			name = Products;
			sourceTree = "<group>";
		};
		D8FE1E211CC2996B00D878BD /* NomNom */ = {
			isa = PBXGroup;
			children = (
				D8FE1E221CC2996B00D878BD /* AppDelegate.swift */,
				D8FE1E241CC2996B00D878BD /* ViewController.swift */,
				D8FE1E261CC2996C00D878BD /* Main.storyboard */,
				D8FE1E291CC2996C00D878BD /* Assets.xcassets */,
				D8FE1E2B1CC2996C00D878BD /* LaunchScreen.storyboard */,
				D8FE1E2E1CC2996C00D878BD /* Info.plist */,
			);
			path = NomNom;
			sourceTree = "<group>";
		};
		D8FE1E361CC2996C00D878BD /* NomNomTests */ = {
			isa = PBXGroup;
			children = (
				D8FE1E371CC2996C00D878BD /* NomNomTests.swift */,
				D8FE1E391CC2996C00D878BD /* Info.plist */,
			);
			path = NomNomTests;
			sourceTree = "<group>";
		};
		D8FE1E411CC2996C00D878BD /* NomNomUITests */ = {
			isa = PBXGroup;
			children = (
				D8FE1E421CC2996C00D878BD /* NomNomUITests.swift */,
				D8FE1E441CC2996C00D878BD /* Info.plist */,
			);
			path = NomNomUITests;
			sourceTree = "<group>";
		};
/* End PBXGroup section */

/* Begin PBXNativeTarget section */
		D8FE1E1E1CC2996B00D878BD /* NomNom */ = {
			isa = PBXNativeTarget;
			buildConfigurationList = D8FE1E471CC2996C00D878BD /* Build configuration list for PBXNativeTarget "NomNom" */;
			buildPhases = (
				D8FE1E1B1CC2996B00D878BD /* Sources */,
				D8FE1E1C1CC2996B00D878BD /* Frameworks */,
				D8FE1E1D1CC2996B00D878BD /* Resources */,
			);
			buildRules = (
			);
			dependencies = (
			);
			name = NomNom;
			productName = NomNom;
			productReference = D8FE1E1F1CC2996B00D878BD /* NomNom.app */;
			productType = "com.apple.product-type.application";
		};
		D8FE1E321CC2996C00D878BD /* NomNomTests */ = {
			isa = PBXNativeTarget;
			buildConfigurationList = D8FE1E4A1CC2996C00D878BD /* Build configuration list for PBXNativeTarget "NomNomTests" */;
			buildPhases = (
				D8FE1E2F1CC2996C00D878BD /* Sources */,
				D8FE1E301CC2996C00D878BD /* Frameworks */,
				D8FE1E311CC2996C00D878BD /* Resources */,
			);
			buildRules = (
			);
			dependencies = (
				D8FE1E351CC2996C00D878BD /* PBXTargetDependency */,
			);
			name = NomNomTests;
			productName = NomNomTests;
			productReference = D8FE1E331CC2996C00D878BD /* NomNomTests.xctest */;
			productType = "com.apple.product-type.bundle.unit-test";
		};
		D8FE1E3D1CC2996C00D878BD /* NomNomUITests */ = {
			isa = PBXNativeTarget;
			buildConfigurationList = D8FE1E4D1CC2996C00D878BD /* Build configuration list for PBXNativeTarget "NomNomUITests" */;
			buildPhases = (
				D8FE1E3A1CC2996C00D878BD /* Sources */,
				D8FE1E3B1CC2996C00D878BD /* Frameworks */,
				D8FE1E3C1CC2996C00D878BD /* Resources */,
			);
			buildRules = (
			);
			dependencies = (
				D8FE1E401CC2996C00D878BD /* PBXTargetDependency */,
			);
			name = NomNomUITests;
			productName = NomNomUITests;
			productReference = D8FE1E3E1CC2996C00D878BD /* NomNomUITests.xctest */;
			productType = "com.apple.product-type.bundle.ui-testing";
		};
/* End PBXNativeTarget section */

/* Begin PBXProject section */
		D8FE1E171CC2996B00D878BD /* Project object */ = {
			isa = PBXProject;
			attributes = {
				LastSwiftUpdateCheck = 0730;
				LastUpgradeCheck = 0730;
				ORGANIZATIONNAME = "Shirley He";
				TargetAttributes = {
					D8FE1E1E1CC2996B00D878BD = {
						CreatedOnToolsVersion = 7.3;
					};
					D8FE1E321CC2996C00D878BD = {
						CreatedOnToolsVersion = 7.3;
						TestTargetID = D8FE1E1E1CC2996B00D878BD;
					};
					D8FE1E3D1CC2996C00D878BD = {
						CreatedOnToolsVersion = 7.3;
						TestTargetID = D8FE1E1E1CC2996B00D878BD;
					};
				};
			};
			buildConfigurationList = D8FE1E1A1CC2996B00D878BD /* Build configuration list for PBXProject "NomNom" */;
			compatibilityVersion = "Xcode 3.2";
			developmentRegion = English;
			hasScannedForEncodings = 0;
			knownRegions = (
				en,
				Base,
			);
			mainGroup = D8FE1E161CC2996B00D878BD;
			productRefGroup = D8FE1E201CC2996B00D878BD /* Products */;
			projectDirPath = "";
			projectRoot = "";
			targets = (
				D8FE1E1E1CC2996B00D878BD /* NomNom */,
				D8FE1E321CC2996C00D878BD /* NomNomTests */,
				D8FE1E3D1CC2996C00D878BD /* NomNomUITests */,
			);
		};
/* End PBXProject section */

/* Begin PBXResourcesBuildPhase section */
		D8FE1E1D1CC2996B00D878BD /* Resources */ = {
			isa = PBXResourcesBuildPhase;
			buildActionMask = 2147483647;
			files = (
				D8FE1E2D1CC2996C00D878BD /* LaunchScreen.storyboard in Resources */,
				D8FE1E2A1CC2996C00D878BD /* Assets.xcassets in Resources */,
				D8FE1E281CC2996C00D878BD /* Main.storyboard in Resources */,
			);
			runOnlyForDeploymentPostprocessing = 0;
		};
		D8FE1E311CC2996C00D878BD /* Resources */ = {
			isa = PBXResourcesBuildPhase;
			buildActionMask = 2147483647;
			files = (
			);
			runOnlyForDeploymentPostprocessing = 0;
		};
		D8FE1E3C1CC2996C00D878BD /* Resources */ = {
			isa = PBXResourcesBuildPhase;
			buildActionMask = 2147483647;
			files = (
			);
			runOnlyForDeploymentPostprocessing = 0;
		};
/* End PBXResourcesBuildPhase section */

/* Begin PBXSourcesBuildPhase section */
		D8FE1E1B1CC2996B00D878BD /* Sources */ = {
			isa = PBXSourcesBuildPhase;
			buildActionMask = 2147483647;
			files = (
				D8FE1E251CC2996B00D878BD /* ViewController.swift in Sources */,
				D8FE1E231CC2996B00D878BD /* AppDelegate.swift in Sources */,
			);
			runOnlyForDeploymentPostprocessing = 0;
		};
		D8FE1E2F1CC2996C00D878BD /* Sources */ = {
			isa = PBXSourcesBuildPhase;
			buildActionMask = 2147483647;
			files = (
				D8FE1E381CC2996C00D878BD /* NomNomTests.swift in Sources */,
			);
			runOnlyForDeploymentPostprocessing = 0;
		};
		D8FE1E3A1CC2996C00D878BD /* Sources */ = {
			isa = PBXSourcesBuildPhase;
			buildActionMask = 2147483647;
			files = (
				D8FE1E431CC2996C00D878BD /* NomNomUITests.swift in Sources */,
			);
			runOnlyForDeploymentPostprocessing = 0;
		};
/* End PBXSourcesBuildPhase section */

/* Begin PBXTargetDependency section */
		D8FE1E351CC2996C00D878BD /* PBXTargetDependency */ = {
			isa = PBXTargetDependency;
			target = D8FE1E1E1CC2996B00D878BD /* NomNom */;
			targetProxy = D8FE1E341CC2996C00D878BD /* PBXContainerItemProxy */;
		};
		D8FE1E401CC2996C00D878BD /* PBXTargetDependency */ = {
			isa = PBXTargetDependency;
			target = D8FE1E1E1CC2996B00D878BD /* NomNom */;
			targetProxy = D8FE1E3F1CC2996C00D878BD /* PBXContainerItemProxy */;
		};
/* End PBXTargetDependency section */

/* Begin PBXVariantGroup section */
		D8FE1E261CC2996C00D878BD /* Main.storyboard */ = {
			isa = PBXVariantGroup;
			children = (
				D8FE1E271CC2996C00D878BD /* Base */,
			);
			name = Main.storyboard;
			sourceTree = "<group>";
		};
		D8FE1E2B1CC2996C00D878BD /* LaunchScreen.storyboard */ = {
			isa = PBXVariantGroup;
			children = (
				D8FE1E2C1CC2996C00D878BD /* Base */,
			);
			name = LaunchScreen.storyboard;
			sourceTree = "<group>";
		};
/* End PBXVariantGroup section */

/* Begin XCBuildConfiguration section */
		D8FE1E451CC2996C00D878BD /* Debug */ = {
			isa = XCBuildConfiguration;
			buildSettings = {
				ALWAYS_SEARCH_USER_PATHS = NO;
				CLANG_ANALYZER_NONNULL = YES;
				CLANG_CXX_LANGUAGE_STANDARD = "gnu++0x";
				CLANG_CXX_LIBRARY = "libc++";
				CLANG_ENABLE_MODULES = YES;
				CLANG_ENABLE_OBJC_ARC = YES;
				CLANG_WARN_BOOL_CONVERSION = YES;
				CLANG_WARN_CONSTANT_CONVERSION = YES;
				CLANG_WARN_DIRECT_OBJC_ISA_USAGE = YES_ERROR;
				CLANG_WARN_EMPTY_BODY = YES;
				CLANG_WARN_ENUM_CONVERSION = YES;
				CLANG_WARN_INT_CONVERSION = YES;
				CLANG_WARN_OBJC_ROOT_CLASS = YES_ERROR;
				CLANG_WARN_UNREACHABLE_CODE = YES;
				CLANG_WARN__DUPLICATE_METHOD_MATCH = YES;
				"CODE_SIGN_IDENTITY[sdk=iphoneos*]" = "iPhone Developer";
				COPY_PHASE_STRIP = NO;
				DEBUG_INFORMATION_FORMAT = dwarf;
				ENABLE_STRICT_OBJC_MSGSEND = YES;
				ENABLE_TESTABILITY = YES;
				GCC_C_LANGUAGE_STANDARD = gnu99;
				GCC_DYNAMIC_NO_PIC = NO;
				GCC_NO_COMMON_BLOCKS = YES;
				GCC_OPTIMIZATION_LEVEL = 0;
				GCC_PREPROCESSOR_DEFINITIONS = (
					"DEBUG=1",
					"$(inherited)",
				);
				GCC_WARN_64_TO_32_BIT_CONVERSION = YES;
				GCC_WARN_ABOUT_RETURN_TYPE = YES_ERROR;
				GCC_WARN_UNDECLARED_SELECTOR = YES;
				GCC_WARN_UNINITIALIZED_AUTOS = YES_AGGRESSIVE;
				GCC_WARN_UNUSED_FUNCTION = YES;
				GCC_WARN_UNUSED_VARIABLE = YES;
				IPHONEOS_DEPLOYMENT_TARGET = 9.3;
				MTL_ENABLE_DEBUG_INFO = YES;
				ONLY_ACTIVE_ARCH = YES;
				SDKROOT = iphoneos;
				SWIFT_OPTIMIZATION_LEVEL = "-Onone";
			};
			name = Debug;
		};
		D8FE1E461CC2996C00D878BD /* Release */ = {
			isa = XCBuildConfiguration;
			buildSettings = {
				ALWAYS_SEARCH_USER_PATHS = NO;
				CLANG_ANALYZER_NONNULL = YES;
				CLANG_CXX_LANGUAGE_STANDARD = "gnu++0x";
				CLANG_CXX_LIBRARY = "libc++";
				CLANG_ENABLE_MODULES = YES;
				CLANG_ENABLE_OBJC_ARC = YES;
				CLANG_WARN_BOOL_CONVERSION = YES;
				CLANG_WARN_CONSTANT_CONVERSION = YES;
				CLANG_WARN_DIRECT_OBJC_ISA_USAGE = YES_ERROR;
				CLANG_WARN_EMPTY_BODY = YES;
				CLANG_WARN_ENUM_CONVERSION = YES;
				CLANG_WARN_INT_CONVERSION = YES;
				CLANG_WARN_OBJC_ROOT_CLASS = YES_ERROR;
				CLANG_WARN_UNREACHABLE_CODE = YES;
				CLANG_WARN__DUPLICATE_METHOD_MATCH = YES;
				"CODE_SIGN_IDENTITY[sdk=iphoneos*]" = "iPhone Developer";
				COPY_PHASE_STRIP = NO;
				DEBUG_INFORMATION_FORMAT = "dwarf-with-dsym";
				ENABLE_NS_ASSERTIONS = NO;
				ENABLE_STRICT_OBJC_MSGSEND = YES;
				GCC_C_LANGUAGE_STANDARD = gnu99;
				GCC_NO_COMMON_BLOCKS = YES;
				GCC_WARN_64_TO_32_BIT_CONVERSION = YES;
				GCC_WARN_ABOUT_RETURN_TYPE = YES_ERROR;
				GCC_WARN_UNDECLARED_SELECTOR = YES;
				GCC_WARN_UNINITIALIZED_AUTOS = YES_AGGRESSIVE;
				GCC_WARN_UNUSED_FUNCTION = YES;
				GCC_WARN_UNUSED_VARIABLE = YES;
				IPHONEOS_DEPLOYMENT_TARGET = 9.3;
				MTL_ENABLE_DEBUG_INFO = NO;
				SDKROOT = iphoneos;
				VALIDATE_PRODUCT = YES;
			};
			name = Release;
		};
		D8FE1E481CC2996C00D878BD /* Debug */ = {
			isa = XCBuildConfiguration;
			buildSettings = {
				ASSETCATALOG_COMPILER_APPICON_NAME = AppIcon;
				INFOPLIST_FILE = NomNom/Info.plist;
				LD_RUNPATH_SEARCH_PATHS = "$(inherited) @executable_path/Frameworks";
				PRODUCT_BUNDLE_IDENTIFIER = com.shirleyhe.NomNom;
				PRODUCT_NAME = "$(TARGET_NAME)";
			};
			name = Debug;
		};
		D8FE1E491CC2996C00D878BD /* Release */ = {
			isa = XCBuildConfiguration;
			buildSettings = {
				ASSETCATALOG_COMPILER_APPICON_NAME = AppIcon;
				INFOPLIST_FILE = NomNom/Info.plist;
				LD_RUNPATH_SEARCH_PATHS = "$(inherited) @executable_path/Frameworks";
				PRODUCT_BUNDLE_IDENTIFIER = com.shirleyhe.NomNom;
				PRODUCT_NAME = "$(TARGET_NAME)";
			};
			name = Release;
		};
		D8FE1E4B1CC2996C00D878BD /* Debug */ = {
			isa = XCBuildConfiguration;
			buildSettings = {
				BUNDLE_LOADER = "$(TEST_HOST)";
				INFOPLIST_FILE = NomNomTests/Info.plist;
				LD_RUNPATH_SEARCH_PATHS = "$(inherited) @executable_path/Frameworks @loader_path/Frameworks";
				PRODUCT_BUNDLE_IDENTIFIER = com.shirleyhe.NomNomTests;
				PRODUCT_NAME = "$(TARGET_NAME)";
				TEST_HOST = "$(BUILT_PRODUCTS_DIR)/NomNom.app/NomNom";
			};
			name = Debug;
		};
		D8FE1E4C1CC2996C00D878BD /* Release */ = {
			isa = XCBuildConfiguration;
			buildSettings = {
				BUNDLE_LOADER = "$(TEST_HOST)";
				INFOPLIST_FILE = NomNomTests/Info.plist;
				LD_RUNPATH_SEARCH_PATHS = "$(inherited) @executable_path/Frameworks @loader_path/Frameworks";
				PRODUCT_BUNDLE_IDENTIFIER = com.shirleyhe.NomNomTests;
				PRODUCT_NAME = "$(TARGET_NAME)";
				TEST_HOST = "$(BUILT_PRODUCTS_DIR)/NomNom.app/NomNom";
			};
			name = Release;
		};
		D8FE1E4E1CC2996C00D878BD /* Debug */ = {
			isa = XCBuildConfiguration;
			buildSettings = {
				INFOPLIST_FILE = NomNomUITests/Info.plist;
				LD_RUNPATH_SEARCH_PATHS = "$(inherited) @executable_path/Frameworks @loader_path/Frameworks";
				PRODUCT_BUNDLE_IDENTIFIER = com.shirleyhe.NomNomUITests;
				PRODUCT_NAME = "$(TARGET_NAME)";
				TEST_TARGET_NAME = NomNom;
			};
			name = Debug;
		};
		D8FE1E4F1CC2996C00D878BD /* Release */ = {
			isa = XCBuildConfiguration;
			buildSettings = {
				INFOPLIST_FILE = NomNomUITests/Info.plist;
				LD_RUNPATH_SEARCH_PATHS = "$(inherited) @executable_path/Frameworks @loader_path/Frameworks";
				PRODUCT_BUNDLE_IDENTIFIER = com.shirleyhe.NomNomUITests;
				PRODUCT_NAME = "$(TARGET_NAME)";
				TEST_TARGET_NAME = NomNom;
			};
			name = Release;
		};
/* End XCBuildConfiguration section */

/* Begin XCConfigurationList section */
		D8FE1E1A1CC2996B00D878BD /* Build configuration list for PBXProject "NomNom" */ = {
			isa = XCConfigurationList;
			buildConfigurations = (
				D8FE1E451CC2996C00D878BD /* Debug */,
				D8FE1E461CC2996C00D878BD /* Release */,
			);
			defaultConfigurationIsVisible = 0;
			defaultConfigurationName = Release;
		};
		D8FE1E471CC2996C00D878BD /* Build configuration list for PBXNativeTarget "NomNom" */ = {
			isa = XCConfigurationList;
			buildConfigurations = (
				D8FE1E481CC2996C00D878BD /* Debug */,
				D8FE1E491CC2996C00D878BD /* Release */,
			);
			defaultConfigurationIsVisible = 0;
		};
		D8FE1E4A1CC2996C00D878BD /* Build configuration list for PBXNativeTarget "NomNomTests" */ = {
			isa = XCConfigurationList;
			buildConfigurations = (
				D8FE1E4B1CC2996C00D878BD /* Debug */,
				D8FE1E4C1CC2996C00D878BD /* Release */,
			);
			defaultConfigurationIsVisible = 0;
		};
		D8FE1E4D1CC2996C00D878BD /* Build configuration list for PBXNativeTarget "NomNomUITests" */ = {
			isa = XCConfigurationList;
			buildConfigurations = (
				D8FE1E4E1CC2996C00D878BD /* Debug */,
				D8FE1E4F1CC2996C00D878BD /* Release */,
			);
			defaultConfigurationIsVisible = 0;
		};
/* End XCConfigurationList section */
	};
	rootObject = D8FE1E171CC2996B00D878BD /* Project object */;
}
