<?xml version="1.0" encoding="UTF-8"?>
<!DOCTYPE plist PUBLIC "-//Apple//DTD PLIST 1.0//EN" "http://www.apple.com/DTDs/PropertyList-1.0.dtd">
<plist version="1.0">
<dict>
	<key>archiveVersion</key>
	<string>1</string>
	<key>classes</key>
	<dict/>
	<key>objectVersion</key>
	<string>46</string>
	<key>objects</key>
	<dict>
		<key>0936B5863F922C60B018B27D</key>
		<dict>
			<key>children</key>
			<array>
				<string>531DD5FCC8932A01CD87EC30</string>
			</array>
			<key>isa</key>
			<string>PBXGroup</string>
			<key>name</key>
			<string>Frameworks</string>
			<key>sourceTree</key>
			<string>&lt;group&gt;</string>
		</dict>
		<key>1C6F4428C3ECDD442DC6E66D</key>
		<dict>
			<key>buildActionMask</key>
			<string>2147483647</string>
			<key>files</key>
			<array/>
			<key>inputPaths</key>
			<array/>
			<key>isa</key>
			<string>PBXShellScriptBuildPhase</string>
			<key>name</key>
			<string>Copy Pods Resources</string>
			<key>outputPaths</key>
			<array/>
			<key>runOnlyForDeploymentPostprocessing</key>
			<string>0</string>
			<key>shellPath</key>
			<string>/bin/sh</string>
			<key>shellScript</key>
			<string>"${SRCROOT}/Pods/Target Support Files/Pods-NomNom/Pods-NomNom-resources.sh"
</string>
			<key>showEnvVarsInLog</key>
			<string>0</string>
		</dict>
		<key>49BCBAD603A1BE1268895368</key>
		<dict>
			<key>includeInIndex</key>
			<string>1</string>
			<key>isa</key>
			<string>PBXFileReference</string>
			<key>lastKnownFileType</key>
			<string>text.xcconfig</string>
			<key>name</key>
			<string>Pods-NomNom.release.xcconfig</string>
			<key>path</key>
			<string>Pods/Target Support Files/Pods-NomNom/Pods-NomNom.release.xcconfig</string>
			<key>sourceTree</key>
			<string>&lt;group&gt;</string>
		</dict>
		<key>531DD5FCC8932A01CD87EC30</key>
		<dict>
			<key>explicitFileType</key>
			<string>wrapper.framework</string>
			<key>includeInIndex</key>
			<string>0</string>
			<key>isa</key>
			<string>PBXFileReference</string>
			<key>path</key>
			<string>Pods_NomNom.framework</string>
			<key>sourceTree</key>
			<string>BUILT_PRODUCTS_DIR</string>
		</dict>
		<key>750425E64F35E237B9F85C90</key>
		<dict>
			<key>fileRef</key>
			<string>531DD5FCC8932A01CD87EC30</string>
			<key>isa</key>
			<string>PBXBuildFile</string>
		</dict>
		<key>AF5594D188DF4EA3D22A01A1</key>
		<dict>
			<key>buildActionMask</key>
			<string>2147483647</string>
			<key>files</key>
			<array/>
			<key>inputPaths</key>
			<array/>
			<key>isa</key>
			<string>PBXShellScriptBuildPhase</string>
			<key>name</key>
			<string>Embed Pods Frameworks</string>
			<key>outputPaths</key>
			<array/>
			<key>runOnlyForDeploymentPostprocessing</key>
			<string>0</string>
			<key>shellPath</key>
			<string>/bin/sh</string>
			<key>shellScript</key>
			<string>"${SRCROOT}/Pods/Target Support Files/Pods-NomNom/Pods-NomNom-frameworks.sh"
</string>
			<key>showEnvVarsInLog</key>
			<string>0</string>
		</dict>
		<key>C12AD46A36368432A06A0069</key>
		<dict>
			<key>buildActionMask</key>
			<string>2147483647</string>
			<key>files</key>
			<array/>
			<key>inputPaths</key>
			<array/>
			<key>isa</key>
			<string>PBXShellScriptBuildPhase</string>
			<key>name</key>
			<string>Check Pods Manifest.lock</string>
			<key>outputPaths</key>
			<array/>
			<key>runOnlyForDeploymentPostprocessing</key>
			<string>0</string>
			<key>shellPath</key>
			<string>/bin/sh</string>
			<key>shellScript</key>
			<string>diff "${PODS_ROOT}/../Podfile.lock" "${PODS_ROOT}/Manifest.lock" &gt; /dev/null
if [[ $? != 0 ]] ; then
    cat &lt;&lt; EOM
error: The sandbox is not in sync with the Podfile.lock. Run 'pod install' or update your CocoaPods installation.
EOM
    exit 1
fi
</string>
			<key>showEnvVarsInLog</key>
			<string>0</string>
		</dict>
		<key>D8FE1E161CC2996B00D878BD</key>
		<dict>
			<key>children</key>
			<array>
				<string>D8FE1E211CC2996B00D878BD</string>
				<string>D8FE1E361CC2996C00D878BD</string>
				<string>D8FE1E411CC2996C00D878BD</string>
				<string>D8FE1E201CC2996B00D878BD</string>
				<string>D8FE1E801CC2A7AE00D878BD</string>
				<string>0936B5863F922C60B018B27D</string>
			</array>
			<key>isa</key>
			<string>PBXGroup</string>
			<key>sourceTree</key>
			<string>&lt;group&gt;</string>
		</dict>
		<key>D8FE1E171CC2996B00D878BD</key>
		<dict>
			<key>attributes</key>
			<dict>
				<key>LastSwiftUpdateCheck</key>
				<string>0730</string>
				<key>LastUpgradeCheck</key>
				<string>0730</string>
				<key>ORGANIZATIONNAME</key>
				<string>Shirley He</string>
				<key>TargetAttributes</key>
				<dict>
					<key>D8FE1E1E1CC2996B00D878BD</key>
					<dict>
						<key>CreatedOnToolsVersion</key>
						<string>7.3</string>
					</dict>
					<key>D8FE1E321CC2996C00D878BD</key>
					<dict>
						<key>CreatedOnToolsVersion</key>
						<string>7.3</string>
						<key>TestTargetID</key>
						<string>D8FE1E1E1CC2996B00D878BD</string>
					</dict>
					<key>D8FE1E3D1CC2996C00D878BD</key>
					<dict>
						<key>CreatedOnToolsVersion</key>
						<string>7.3</string>
						<key>TestTargetID</key>
						<string>D8FE1E1E1CC2996B00D878BD</string>
					</dict>
				</dict>
			</dict>
			<key>buildConfigurationList</key>
			<string>D8FE1E1A1CC2996B00D878BD</string>
			<key>compatibilityVersion</key>
			<string>Xcode 3.2</string>
			<key>developmentRegion</key>
			<string>English</string>
			<key>hasScannedForEncodings</key>
			<string>0</string>
			<key>isa</key>
			<string>PBXProject</string>
			<key>knownRegions</key>
			<array>
				<string>en</string>
				<string>Base</string>
			</array>
			<key>mainGroup</key>
			<string>D8FE1E161CC2996B00D878BD</string>
			<key>productRefGroup</key>
			<string>D8FE1E201CC2996B00D878BD</string>
			<key>projectDirPath</key>
			<string></string>
			<key>projectReferences</key>
			<array/>
			<key>projectRoot</key>
			<string></string>
			<key>targets</key>
			<array>
				<string>D8FE1E1E1CC2996B00D878BD</string>
				<string>D8FE1E321CC2996C00D878BD</string>
				<string>D8FE1E3D1CC2996C00D878BD</string>
			</array>
		</dict>
		<key>D8FE1E1A1CC2996B00D878BD</key>
		<dict>
			<key>buildConfigurations</key>
			<array>
				<string>D8FE1E451CC2996C00D878BD</string>
				<string>D8FE1E461CC2996C00D878BD</string>
			</array>
			<key>defaultConfigurationIsVisible</key>
			<string>0</string>
			<key>defaultConfigurationName</key>
			<string>Release</string>
			<key>isa</key>
			<string>XCConfigurationList</string>
		</dict>
		<key>D8FE1E1B1CC2996B00D878BD</key>
		<dict>
			<key>buildActionMask</key>
			<string>2147483647</string>
			<key>files</key>
			<array>
				<string>D8FE1E251CC2996B00D878BD</string>
				<string>D8FE1E581CC2A4EB00D878BD</string>
				<string>D8FE1E731CC2A71200D878BD</string>
				<string>D8FE1E651CC2A56000D878BD</string>
				<string>D8FE1E761CC2A71D00D878BD</string>
				<string>D8FE1E231CC2996B00D878BD</string>
				<string>D8FE1E691CC2A65500D878BD</string>
				<string>D8FE1E5B1CC2A51100D878BD</string>
				<string>D8FE1E541CC2A48300D878BD</string>
				<string>D8FE1E841CC2AB8F00D878BD</string>
				<string>D8FE1E821CC2A83500D878BD</string>
				<string>D8FE1E611CC2A53400D878BD</string>
				<string>D8FE1E6F1CC2A6FB00D878BD</string>
				<string>D8FE1E5E1CC2A51B00D878BD</string>
			</array>
			<key>isa</key>
			<string>PBXSourcesBuildPhase</string>
			<key>runOnlyForDeploymentPostprocessing</key>
			<string>0</string>
		</dict>
		<key>D8FE1E1C1CC2996B00D878BD</key>
		<dict>
			<key>buildActionMask</key>
			<string>2147483647</string>
			<key>files</key>
			<array>
				<string>D8FE1E791CC2A76A00D878BD</string>
				<string>750425E64F35E237B9F85C90</string>
			</array>
			<key>isa</key>
			<string>PBXFrameworksBuildPhase</string>
			<key>runOnlyForDeploymentPostprocessing</key>
			<string>0</string>
		</dict>
		<key>D8FE1E1D1CC2996B00D878BD</key>
		<dict>
			<key>buildActionMask</key>
			<string>2147483647</string>
			<key>files</key>
			<array>
				<string>D8FE1E7F1CC2A79400D878BD</string>
				<string>D8FE1E7B1CC2A77100D878BD</string>
				<string>D8FE1E2D1CC2996C00D878BD</string>
				<string>D8FE1E2A1CC2996C00D878BD</string>
				<string>D8FE1E7D1CC2A77900D878BD</string>
				<string>D8FE1E281CC2996C00D878BD</string>
			</array>
			<key>isa</key>
			<string>PBXResourcesBuildPhase</string>
			<key>runOnlyForDeploymentPostprocessing</key>
			<string>0</string>
		</dict>
		<key>D8FE1E1E1CC2996B00D878BD</key>
		<dict>
			<key>buildConfigurationList</key>
			<string>D8FE1E471CC2996C00D878BD</string>
			<key>buildPhases</key>
			<array>
				<string>C12AD46A36368432A06A0069</string>
				<string>D8FE1E1B1CC2996B00D878BD</string>
				<string>D8FE1E1C1CC2996B00D878BD</string>
				<string>D8FE1E1D1CC2996B00D878BD</string>
				<string>AF5594D188DF4EA3D22A01A1</string>
				<string>1C6F4428C3ECDD442DC6E66D</string>
			</array>
			<key>buildRules</key>
			<array/>
			<key>dependencies</key>
			<array/>
			<key>isa</key>
			<string>PBXNativeTarget</string>
			<key>name</key>
			<string>NomNom</string>
			<key>productName</key>
			<string>NomNom</string>
			<key>productReference</key>
			<string>D8FE1E1F1CC2996B00D878BD</string>
			<key>productType</key>
			<string>com.apple.product-type.application</string>
		</dict>
		<key>D8FE1E1F1CC2996B00D878BD</key>
		<dict>
			<key>explicitFileType</key>
			<string>wrapper.application</string>
			<key>includeInIndex</key>
			<string>0</string>
			<key>isa</key>
			<string>PBXFileReference</string>
			<key>path</key>
			<string>NomNom.app</string>
			<key>sourceTree</key>
			<string>BUILT_PRODUCTS_DIR</string>
		</dict>
		<key>D8FE1E201CC2996B00D878BD</key>
		<dict>
			<key>children</key>
			<array>
				<string>D8FE1E1F1CC2996B00D878BD</string>
				<string>D8FE1E331CC2996C00D878BD</string>
				<string>D8FE1E3E1CC2996C00D878BD</string>
			</array>
			<key>isa</key>
			<string>PBXGroup</string>
			<key>name</key>
			<string>Products</string>
			<key>sourceTree</key>
			<string>&lt;group&gt;</string>
		</dict>
		<key>D8FE1E211CC2996B00D878BD</key>
		<dict>
			<key>children</key>
			<array>
				<string>D8FE1E831CC2AB8F00D878BD</string>
				<string>D8FE1E811CC2A83500D878BD</string>
				<string>D8FE1E221CC2996B00D878BD</string>
				<string>D8FE1E551CC2A4BB00D878BD</string>
				<string>D8FE1E531CC2A48300D878BD</string>
				<string>D8FE1E521CC2A39700D878BD</string>
				<string>D8FE1E241CC2996B00D878BD</string>
				<string>D8FE1E261CC2996C00D878BD</string>
				<string>D8FE1E291CC2996C00D878BD</string>
				<string>D8FE1E2B1CC2996C00D878BD</string>
				<string>D8FE1E2E1CC2996C00D878BD</string>
			</array>
			<key>isa</key>
			<string>PBXGroup</string>
			<key>path</key>
			<string>NomNom</string>
			<key>sourceTree</key>
			<string>&lt;group&gt;</string>
		</dict>
		<key>D8FE1E221CC2996B00D878BD</key>
		<dict>
			<key>isa</key>
			<string>PBXFileReference</string>
			<key>lastKnownFileType</key>
			<string>sourcecode.swift</string>
			<key>path</key>
			<string>AppDelegate.swift</string>
			<key>sourceTree</key>
			<string>&lt;group&gt;</string>
		</dict>
		<key>D8FE1E231CC2996B00D878BD</key>
		<dict>
			<key>fileRef</key>
			<string>D8FE1E221CC2996B00D878BD</string>
			<key>isa</key>
			<string>PBXBuildFile</string>
		</dict>
		<key>D8FE1E241CC2996B00D878BD</key>
		<dict>
			<key>isa</key>
			<string>PBXFileReference</string>
			<key>lastKnownFileType</key>
			<string>sourcecode.swift</string>
			<key>path</key>
			<string>ViewController.swift</string>
			<key>sourceTree</key>
			<string>&lt;group&gt;</string>
		</dict>
		<key>D8FE1E251CC2996B00D878BD</key>
		<dict>
			<key>fileRef</key>
			<string>D8FE1E241CC2996B00D878BD</string>
			<key>isa</key>
			<string>PBXBuildFile</string>
		</dict>
		<key>D8FE1E261CC2996C00D878BD</key>
		<dict>
			<key>children</key>
			<array>
				<string>D8FE1E271CC2996C00D878BD</string>
			</array>
			<key>isa</key>
			<string>PBXVariantGroup</string>
			<key>name</key>
			<string>Main.storyboard</string>
			<key>sourceTree</key>
			<string>&lt;group&gt;</string>
		</dict>
		<key>D8FE1E271CC2996C00D878BD</key>
		<dict>
			<key>isa</key>
			<string>PBXFileReference</string>
			<key>lastKnownFileType</key>
			<string>file.storyboard</string>
			<key>name</key>
			<string>Base</string>
			<key>path</key>
			<string>Base.lproj/Main.storyboard</string>
			<key>sourceTree</key>
			<string>&lt;group&gt;</string>
		</dict>
		<key>D8FE1E281CC2996C00D878BD</key>
		<dict>
			<key>fileRef</key>
			<string>D8FE1E261CC2996C00D878BD</string>
			<key>isa</key>
			<string>PBXBuildFile</string>
		</dict>
		<key>D8FE1E291CC2996C00D878BD</key>
		<dict>
			<key>isa</key>
			<string>PBXFileReference</string>
			<key>lastKnownFileType</key>
			<string>folder.assetcatalog</string>
			<key>path</key>
			<string>Assets.xcassets</string>
			<key>sourceTree</key>
			<string>&lt;group&gt;</string>
		</dict>
		<key>D8FE1E2A1CC2996C00D878BD</key>
		<dict>
			<key>fileRef</key>
			<string>D8FE1E291CC2996C00D878BD</string>
			<key>isa</key>
			<string>PBXBuildFile</string>
		</dict>
		<key>D8FE1E2B1CC2996C00D878BD</key>
		<dict>
			<key>children</key>
			<array>
				<string>D8FE1E2C1CC2996C00D878BD</string>
			</array>
			<key>isa</key>
			<string>PBXVariantGroup</string>
			<key>name</key>
			<string>LaunchScreen.storyboard</string>
			<key>sourceTree</key>
			<string>&lt;group&gt;</string>
		</dict>
		<key>D8FE1E2C1CC2996C00D878BD</key>
		<dict>
			<key>isa</key>
			<string>PBXFileReference</string>
			<key>lastKnownFileType</key>
			<string>file.storyboard</string>
			<key>name</key>
			<string>Base</string>
			<key>path</key>
			<string>Base.lproj/LaunchScreen.storyboard</string>
			<key>sourceTree</key>
			<string>&lt;group&gt;</string>
		</dict>
		<key>D8FE1E2D1CC2996C00D878BD</key>
		<dict>
			<key>fileRef</key>
			<string>D8FE1E2B1CC2996C00D878BD</string>
			<key>isa</key>
			<string>PBXBuildFile</string>
		</dict>
		<key>D8FE1E2E1CC2996C00D878BD</key>
		<dict>
			<key>isa</key>
			<string>PBXFileReference</string>
			<key>lastKnownFileType</key>
			<string>text.plist.xml</string>
			<key>path</key>
			<string>Info.plist</string>
			<key>sourceTree</key>
			<string>&lt;group&gt;</string>
		</dict>
		<key>D8FE1E2F1CC2996C00D878BD</key>
		<dict>
			<key>buildActionMask</key>
			<string>2147483647</string>
			<key>files</key>
			<array>
				<string>D8FE1E381CC2996C00D878BD</string>
			</array>
			<key>isa</key>
			<string>PBXSourcesBuildPhase</string>
			<key>runOnlyForDeploymentPostprocessing</key>
			<string>0</string>
		</dict>
		<key>D8FE1E301CC2996C00D878BD</key>
		<dict>
			<key>buildActionMask</key>
			<string>2147483647</string>
			<key>files</key>
			<array/>
			<key>isa</key>
			<string>PBXFrameworksBuildPhase</string>
			<key>runOnlyForDeploymentPostprocessing</key>
			<string>0</string>
		</dict>
		<key>D8FE1E311CC2996C00D878BD</key>
		<dict>
			<key>buildActionMask</key>
			<string>2147483647</string>
			<key>files</key>
			<array/>
			<key>isa</key>
			<string>PBXResourcesBuildPhase</string>
			<key>runOnlyForDeploymentPostprocessing</key>
			<string>0</string>
		</dict>
		<key>D8FE1E321CC2996C00D878BD</key>
		<dict>
			<key>buildConfigurationList</key>
			<string>D8FE1E4A1CC2996C00D878BD</string>
			<key>buildPhases</key>
			<array>
				<string>D8FE1E2F1CC2996C00D878BD</string>
				<string>D8FE1E301CC2996C00D878BD</string>
				<string>D8FE1E311CC2996C00D878BD</string>
			</array>
			<key>buildRules</key>
			<array/>
			<key>dependencies</key>
			<array>
				<string>D8FE1E351CC2996C00D878BD</string>
			</array>
			<key>isa</key>
			<string>PBXNativeTarget</string>
			<key>name</key>
			<string>NomNomTests</string>
			<key>productName</key>
			<string>NomNomTests</string>
			<key>productReference</key>
			<string>D8FE1E331CC2996C00D878BD</string>
			<key>productType</key>
			<string>com.apple.product-type.bundle.unit-test</string>
		</dict>
		<key>D8FE1E331CC2996C00D878BD</key>
		<dict>
			<key>explicitFileType</key>
			<string>wrapper.cfbundle</string>
			<key>includeInIndex</key>
			<string>0</string>
			<key>isa</key>
			<string>PBXFileReference</string>
			<key>path</key>
			<string>NomNomTests.xctest</string>
			<key>sourceTree</key>
			<string>BUILT_PRODUCTS_DIR</string>
		</dict>
		<key>D8FE1E341CC2996C00D878BD</key>
		<dict>
			<key>containerPortal</key>
			<string>D8FE1E171CC2996B00D878BD</string>
			<key>isa</key>
			<string>PBXContainerItemProxy</string>
			<key>proxyType</key>
			<string>1</string>
			<key>remoteGlobalIDString</key>
			<string>D8FE1E1E1CC2996B00D878BD</string>
			<key>remoteInfo</key>
			<string>NomNom</string>
		</dict>
		<key>D8FE1E351CC2996C00D878BD</key>
		<dict>
			<key>isa</key>
			<string>PBXTargetDependency</string>
			<key>target</key>
			<string>D8FE1E1E1CC2996B00D878BD</string>
			<key>targetProxy</key>
			<string>D8FE1E341CC2996C00D878BD</string>
		</dict>
		<key>D8FE1E361CC2996C00D878BD</key>
		<dict>
			<key>children</key>
			<array>
				<string>D8FE1E371CC2996C00D878BD</string>
				<string>D8FE1E391CC2996C00D878BD</string>
			</array>
			<key>isa</key>
			<string>PBXGroup</string>
			<key>path</key>
			<string>NomNomTests</string>
			<key>sourceTree</key>
			<string>&lt;group&gt;</string>
		</dict>
		<key>D8FE1E371CC2996C00D878BD</key>
		<dict>
			<key>isa</key>
			<string>PBXFileReference</string>
			<key>lastKnownFileType</key>
			<string>sourcecode.swift</string>
			<key>path</key>
			<string>NomNomTests.swift</string>
			<key>sourceTree</key>
			<string>&lt;group&gt;</string>
		</dict>
		<key>D8FE1E381CC2996C00D878BD</key>
		<dict>
			<key>fileRef</key>
			<string>D8FE1E371CC2996C00D878BD</string>
			<key>isa</key>
			<string>PBXBuildFile</string>
		</dict>
		<key>D8FE1E391CC2996C00D878BD</key>
		<dict>
			<key>isa</key>
			<string>PBXFileReference</string>
			<key>lastKnownFileType</key>
			<string>text.plist.xml</string>
			<key>path</key>
			<string>Info.plist</string>
			<key>sourceTree</key>
			<string>&lt;group&gt;</string>
		</dict>
		<key>D8FE1E3A1CC2996C00D878BD</key>
		<dict>
			<key>buildActionMask</key>
			<string>2147483647</string>
			<key>files</key>
			<array>
				<string>D8FE1E431CC2996C00D878BD</string>
			</array>
			<key>isa</key>
			<string>PBXSourcesBuildPhase</string>
			<key>runOnlyForDeploymentPostprocessing</key>
			<string>0</string>
		</dict>
		<key>D8FE1E3B1CC2996C00D878BD</key>
		<dict>
			<key>buildActionMask</key>
			<string>2147483647</string>
			<key>files</key>
			<array/>
			<key>isa</key>
			<string>PBXFrameworksBuildPhase</string>
			<key>runOnlyForDeploymentPostprocessing</key>
			<string>0</string>
		</dict>
		<key>D8FE1E3C1CC2996C00D878BD</key>
		<dict>
			<key>buildActionMask</key>
			<string>2147483647</string>
			<key>files</key>
			<array/>
			<key>isa</key>
			<string>PBXResourcesBuildPhase</string>
			<key>runOnlyForDeploymentPostprocessing</key>
			<string>0</string>
		</dict>
		<key>D8FE1E3D1CC2996C00D878BD</key>
		<dict>
			<key>buildConfigurationList</key>
			<string>D8FE1E4D1CC2996C00D878BD</string>
			<key>buildPhases</key>
			<array>
				<string>D8FE1E3A1CC2996C00D878BD</string>
				<string>D8FE1E3B1CC2996C00D878BD</string>
				<string>D8FE1E3C1CC2996C00D878BD</string>
			</array>
			<key>buildRules</key>
			<array/>
			<key>dependencies</key>
			<array>
				<string>D8FE1E401CC2996C00D878BD</string>
			</array>
			<key>isa</key>
			<string>PBXNativeTarget</string>
			<key>name</key>
			<string>NomNomUITests</string>
			<key>productName</key>
			<string>NomNomUITests</string>
			<key>productReference</key>
			<string>D8FE1E3E1CC2996C00D878BD</string>
			<key>productType</key>
			<string>com.apple.product-type.bundle.ui-testing</string>
		</dict>
		<key>D8FE1E3E1CC2996C00D878BD</key>
		<dict>
			<key>explicitFileType</key>
			<string>wrapper.cfbundle</string>
			<key>includeInIndex</key>
			<string>0</string>
			<key>isa</key>
			<string>PBXFileReference</string>
			<key>path</key>
			<string>NomNomUITests.xctest</string>
			<key>sourceTree</key>
			<string>BUILT_PRODUCTS_DIR</string>
		</dict>
		<key>D8FE1E3F1CC2996C00D878BD</key>
		<dict>
			<key>containerPortal</key>
			<string>D8FE1E171CC2996B00D878BD</string>
			<key>isa</key>
			<string>PBXContainerItemProxy</string>
			<key>proxyType</key>
			<string>1</string>
			<key>remoteGlobalIDString</key>
			<string>D8FE1E1E1CC2996B00D878BD</string>
			<key>remoteInfo</key>
			<string>NomNom</string>
		</dict>
		<key>D8FE1E401CC2996C00D878BD</key>
		<dict>
			<key>isa</key>
			<string>PBXTargetDependency</string>
			<key>target</key>
			<string>D8FE1E1E1CC2996B00D878BD</string>
			<key>targetProxy</key>
			<string>D8FE1E3F1CC2996C00D878BD</string>
		</dict>
		<key>D8FE1E411CC2996C00D878BD</key>
		<dict>
			<key>children</key>
			<array>
				<string>D8FE1E421CC2996C00D878BD</string>
				<string>D8FE1E441CC2996C00D878BD</string>
			</array>
			<key>isa</key>
			<string>PBXGroup</string>
			<key>path</key>
			<string>NomNomUITests</string>
			<key>sourceTree</key>
			<string>&lt;group&gt;</string>
		</dict>
		<key>D8FE1E421CC2996C00D878BD</key>
		<dict>
			<key>isa</key>
			<string>PBXFileReference</string>
			<key>lastKnownFileType</key>
			<string>sourcecode.swift</string>
			<key>path</key>
			<string>NomNomUITests.swift</string>
			<key>sourceTree</key>
			<string>&lt;group&gt;</string>
		</dict>
		<key>D8FE1E431CC2996C00D878BD</key>
		<dict>
			<key>fileRef</key>
			<string>D8FE1E421CC2996C00D878BD</string>
			<key>isa</key>
			<string>PBXBuildFile</string>
		</dict>
		<key>D8FE1E441CC2996C00D878BD</key>
		<dict>
			<key>isa</key>
			<string>PBXFileReference</string>
			<key>lastKnownFileType</key>
			<string>text.plist.xml</string>
			<key>path</key>
			<string>Info.plist</string>
			<key>sourceTree</key>
			<string>&lt;group&gt;</string>
		</dict>
		<key>D8FE1E451CC2996C00D878BD</key>
		<dict>
			<key>buildSettings</key>
			<dict>
				<key>ALWAYS_SEARCH_USER_PATHS</key>
				<string>NO</string>
				<key>CLANG_ANALYZER_NONNULL</key>
				<string>YES</string>
				<key>CLANG_CXX_LANGUAGE_STANDARD</key>
				<string>gnu++0x</string>
				<key>CLANG_CXX_LIBRARY</key>
				<string>libc++</string>
				<key>CLANG_ENABLE_MODULES</key>
				<string>YES</string>
				<key>CLANG_ENABLE_OBJC_ARC</key>
				<string>YES</string>
				<key>CLANG_WARN_BOOL_CONVERSION</key>
				<string>YES</string>
				<key>CLANG_WARN_CONSTANT_CONVERSION</key>
				<string>YES</string>
				<key>CLANG_WARN_DIRECT_OBJC_ISA_USAGE</key>
				<string>YES_ERROR</string>
				<key>CLANG_WARN_EMPTY_BODY</key>
				<string>YES</string>
				<key>CLANG_WARN_ENUM_CONVERSION</key>
				<string>YES</string>
				<key>CLANG_WARN_INT_CONVERSION</key>
				<string>YES</string>
				<key>CLANG_WARN_OBJC_ROOT_CLASS</key>
				<string>YES_ERROR</string>
				<key>CLANG_WARN_UNREACHABLE_CODE</key>
				<string>YES</string>
				<key>CLANG_WARN__DUPLICATE_METHOD_MATCH</key>
				<string>YES</string>
				<key>CODE_SIGN_IDENTITY[sdk=iphoneos*]</key>
				<string>iPhone Developer</string>
				<key>COPY_PHASE_STRIP</key>
				<string>NO</string>
				<key>DEBUG_INFORMATION_FORMAT</key>
				<string>dwarf</string>
				<key>ENABLE_STRICT_OBJC_MSGSEND</key>
				<string>YES</string>
				<key>ENABLE_TESTABILITY</key>
				<string>YES</string>
				<key>GCC_C_LANGUAGE_STANDARD</key>
				<string>gnu99</string>
				<key>GCC_DYNAMIC_NO_PIC</key>
				<string>NO</string>
				<key>GCC_NO_COMMON_BLOCKS</key>
				<string>YES</string>
				<key>GCC_OPTIMIZATION_LEVEL</key>
				<string>0</string>
				<key>GCC_PREPROCESSOR_DEFINITIONS</key>
				<array>
					<string>DEBUG=1</string>
					<string>$(inherited)</string>
				</array>
				<key>GCC_WARN_64_TO_32_BIT_CONVERSION</key>
				<string>YES</string>
				<key>GCC_WARN_ABOUT_RETURN_TYPE</key>
				<string>YES_ERROR</string>
				<key>GCC_WARN_UNDECLARED_SELECTOR</key>
				<string>YES</string>
				<key>GCC_WARN_UNINITIALIZED_AUTOS</key>
				<string>YES_AGGRESSIVE</string>
				<key>GCC_WARN_UNUSED_FUNCTION</key>
				<string>YES</string>
				<key>GCC_WARN_UNUSED_VARIABLE</key>
				<string>YES</string>
				<key>IPHONEOS_DEPLOYMENT_TARGET</key>
				<string>9.3</string>
				<key>MTL_ENABLE_DEBUG_INFO</key>
				<string>YES</string>
				<key>ONLY_ACTIVE_ARCH</key>
				<string>YES</string>
				<key>SDKROOT</key>
				<string>iphoneos</string>
				<key>SWIFT_OPTIMIZATION_LEVEL</key>
				<string>-Onone</string>
			</dict>
			<key>isa</key>
			<string>XCBuildConfiguration</string>
			<key>name</key>
			<string>Debug</string>
		</dict>
		<key>D8FE1E461CC2996C00D878BD</key>
		<dict>
			<key>buildSettings</key>
			<dict>
				<key>ALWAYS_SEARCH_USER_PATHS</key>
				<string>NO</string>
				<key>CLANG_ANALYZER_NONNULL</key>
				<string>YES</string>
				<key>CLANG_CXX_LANGUAGE_STANDARD</key>
				<string>gnu++0x</string>
				<key>CLANG_CXX_LIBRARY</key>
				<string>libc++</string>
				<key>CLANG_ENABLE_MODULES</key>
				<string>YES</string>
				<key>CLANG_ENABLE_OBJC_ARC</key>
				<string>YES</string>
				<key>CLANG_WARN_BOOL_CONVERSION</key>
				<string>YES</string>
				<key>CLANG_WARN_CONSTANT_CONVERSION</key>
				<string>YES</string>
				<key>CLANG_WARN_DIRECT_OBJC_ISA_USAGE</key>
				<string>YES_ERROR</string>
				<key>CLANG_WARN_EMPTY_BODY</key>
				<string>YES</string>
				<key>CLANG_WARN_ENUM_CONVERSION</key>
				<string>YES</string>
				<key>CLANG_WARN_INT_CONVERSION</key>
				<string>YES</string>
				<key>CLANG_WARN_OBJC_ROOT_CLASS</key>
				<string>YES_ERROR</string>
				<key>CLANG_WARN_UNREACHABLE_CODE</key>
				<string>YES</string>
				<key>CLANG_WARN__DUPLICATE_METHOD_MATCH</key>
				<string>YES</string>
				<key>CODE_SIGN_IDENTITY[sdk=iphoneos*]</key>
				<string>iPhone Developer</string>
				<key>COPY_PHASE_STRIP</key>
				<string>NO</string>
				<key>DEBUG_INFORMATION_FORMAT</key>
				<string>dwarf-with-dsym</string>
				<key>ENABLE_NS_ASSERTIONS</key>
				<string>NO</string>
				<key>ENABLE_STRICT_OBJC_MSGSEND</key>
				<string>YES</string>
				<key>GCC_C_LANGUAGE_STANDARD</key>
				<string>gnu99</string>
				<key>GCC_NO_COMMON_BLOCKS</key>
				<string>YES</string>
				<key>GCC_WARN_64_TO_32_BIT_CONVERSION</key>
				<string>YES</string>
				<key>GCC_WARN_ABOUT_RETURN_TYPE</key>
				<string>YES_ERROR</string>
				<key>GCC_WARN_UNDECLARED_SELECTOR</key>
				<string>YES</string>
				<key>GCC_WARN_UNINITIALIZED_AUTOS</key>
				<string>YES_AGGRESSIVE</string>
				<key>GCC_WARN_UNUSED_FUNCTION</key>
				<string>YES</string>
				<key>GCC_WARN_UNUSED_VARIABLE</key>
				<string>YES</string>
				<key>IPHONEOS_DEPLOYMENT_TARGET</key>
				<string>9.3</string>
				<key>MTL_ENABLE_DEBUG_INFO</key>
				<string>NO</string>
				<key>SDKROOT</key>
				<string>iphoneos</string>
				<key>VALIDATE_PRODUCT</key>
				<string>YES</string>
			</dict>
			<key>isa</key>
			<string>XCBuildConfiguration</string>
			<key>name</key>
			<string>Release</string>
		</dict>
		<key>D8FE1E471CC2996C00D878BD</key>
		<dict>
			<key>buildConfigurations</key>
			<array>
				<string>D8FE1E481CC2996C00D878BD</string>
				<string>D8FE1E491CC2996C00D878BD</string>
			</array>
			<key>defaultConfigurationIsVisible</key>
			<string>0</string>
			<key>isa</key>
			<string>XCConfigurationList</string>
		</dict>
		<key>D8FE1E481CC2996C00D878BD</key>
		<dict>
			<key>baseConfigurationReference</key>
			<string>F3FF97DE36C812EBCB31E545</string>
			<key>buildSettings</key>
			<dict>
				<key>ASSETCATALOG_COMPILER_APPICON_NAME</key>
				<string>AppIcon</string>
				<key>CLANG_ENABLE_MODULES</key>
				<string>YES</string>
				<key>INFOPLIST_FILE</key>
				<string>NomNom/Info.plist</string>
				<key>LD_RUNPATH_SEARCH_PATHS</key>
				<string>$(inherited) @executable_path/Frameworks</string>
				<key>LIBRARY_SEARCH_PATHS</key>
				<array>
					<string>$(inherited)</string>
					<string>$(PROJECT_DIR)/NomNom</string>
				</array>
				<key>PRODUCT_BUNDLE_IDENTIFIER</key>
				<string>com.shirleyhe.NomNom</string>
				<key>PRODUCT_NAME</key>
				<string>$(TARGET_NAME)</string>
				<key>SWIFT_OBJC_BRIDGING_HEADER</key>
				<string>NomNom/NomNom-Bridging-Header.h</string>
				<key>SWIFT_OPTIMIZATION_LEVEL</key>
				<string>-Onone</string>
			</dict>
			<key>isa</key>
			<string>XCBuildConfiguration</string>
			<key>name</key>
			<string>Debug</string>
		</dict>
		<key>D8FE1E491CC2996C00D878BD</key>
		<dict>
			<key>baseConfigurationReference</key>
			<string>49BCBAD603A1BE1268895368</string>
			<key>buildSettings</key>
			<dict>
				<key>ASSETCATALOG_COMPILER_APPICON_NAME</key>
				<string>AppIcon</string>
				<key>CLANG_ENABLE_MODULES</key>
				<string>YES</string>
				<key>INFOPLIST_FILE</key>
				<string>NomNom/Info.plist</string>
				<key>LD_RUNPATH_SEARCH_PATHS</key>
				<string>$(inherited) @executable_path/Frameworks</string>
				<key>LIBRARY_SEARCH_PATHS</key>
				<array>
					<string>$(inherited)</string>
					<string>$(PROJECT_DIR)/NomNom</string>
				</array>
				<key>PRODUCT_BUNDLE_IDENTIFIER</key>
				<string>com.shirleyhe.NomNom</string>
				<key>PRODUCT_NAME</key>
				<string>$(TARGET_NAME)</string>
				<key>SWIFT_OBJC_BRIDGING_HEADER</key>
				<string>NomNom/NomNom-Bridging-Header.h</string>
			</dict>
			<key>isa</key>
			<string>XCBuildConfiguration</string>
			<key>name</key>
			<string>Release</string>
		</dict>
		<key>D8FE1E4A1CC2996C00D878BD</key>
		<dict>
			<key>buildConfigurations</key>
			<array>
				<string>D8FE1E4B1CC2996C00D878BD</string>
				<string>D8FE1E4C1CC2996C00D878BD</string>
			</array>
			<key>defaultConfigurationIsVisible</key>
			<string>0</string>
			<key>isa</key>
			<string>XCConfigurationList</string>
		</dict>
		<key>D8FE1E4B1CC2996C00D878BD</key>
		<dict>
			<key>buildSettings</key>
			<dict>
				<key>BUNDLE_LOADER</key>
				<string>$(TEST_HOST)</string>
				<key>INFOPLIST_FILE</key>
				<string>NomNomTests/Info.plist</string>
				<key>LD_RUNPATH_SEARCH_PATHS</key>
				<string>$(inherited) @executable_path/Frameworks @loader_path/Frameworks</string>
				<key>PRODUCT_BUNDLE_IDENTIFIER</key>
				<string>com.shirleyhe.NomNomTests</string>
				<key>PRODUCT_NAME</key>
				<string>$(TARGET_NAME)</string>
				<key>TEST_HOST</key>
				<string>$(BUILT_PRODUCTS_DIR)/NomNom.app/NomNom</string>
			</dict>
			<key>isa</key>
			<string>XCBuildConfiguration</string>
			<key>name</key>
			<string>Debug</string>
		</dict>
		<key>D8FE1E4C1CC2996C00D878BD</key>
		<dict>
			<key>buildSettings</key>
			<dict>
				<key>BUNDLE_LOADER</key>
				<string>$(TEST_HOST)</string>
				<key>INFOPLIST_FILE</key>
				<string>NomNomTests/Info.plist</string>
				<key>LD_RUNPATH_SEARCH_PATHS</key>
				<string>$(inherited) @executable_path/Frameworks @loader_path/Frameworks</string>
				<key>PRODUCT_BUNDLE_IDENTIFIER</key>
				<string>com.shirleyhe.NomNomTests</string>
				<key>PRODUCT_NAME</key>
				<string>$(TARGET_NAME)</string>
				<key>TEST_HOST</key>
				<string>$(BUILT_PRODUCTS_DIR)/NomNom.app/NomNom</string>
			</dict>
			<key>isa</key>
			<string>XCBuildConfiguration</string>
			<key>name</key>
			<string>Release</string>
		</dict>
		<key>D8FE1E4D1CC2996C00D878BD</key>
		<dict>
			<key>buildConfigurations</key>
			<array>
				<string>D8FE1E4E1CC2996C00D878BD</string>
				<string>D8FE1E4F1CC2996C00D878BD</string>
			</array>
			<key>defaultConfigurationIsVisible</key>
			<string>0</string>
			<key>isa</key>
			<string>XCConfigurationList</string>
		</dict>
		<key>D8FE1E4E1CC2996C00D878BD</key>
		<dict>
			<key>buildSettings</key>
			<dict>
				<key>INFOPLIST_FILE</key>
				<string>NomNomUITests/Info.plist</string>
				<key>LD_RUNPATH_SEARCH_PATHS</key>
				<string>$(inherited) @executable_path/Frameworks @loader_path/Frameworks</string>
				<key>PRODUCT_BUNDLE_IDENTIFIER</key>
				<string>com.shirleyhe.NomNomUITests</string>
				<key>PRODUCT_NAME</key>
				<string>$(TARGET_NAME)</string>
				<key>TEST_TARGET_NAME</key>
				<string>NomNom</string>
			</dict>
			<key>isa</key>
			<string>XCBuildConfiguration</string>
			<key>name</key>
			<string>Debug</string>
		</dict>
		<key>D8FE1E4F1CC2996C00D878BD</key>
		<dict>
			<key>buildSettings</key>
			<dict>
				<key>INFOPLIST_FILE</key>
				<string>NomNomUITests/Info.plist</string>
				<key>LD_RUNPATH_SEARCH_PATHS</key>
				<string>$(inherited) @executable_path/Frameworks @loader_path/Frameworks</string>
				<key>PRODUCT_BUNDLE_IDENTIFIER</key>
				<string>com.shirleyhe.NomNomUITests</string>
				<key>PRODUCT_NAME</key>
				<string>$(TARGET_NAME)</string>
				<key>TEST_TARGET_NAME</key>
				<string>NomNom</string>
			</dict>
			<key>isa</key>
			<string>XCBuildConfiguration</string>
			<key>name</key>
			<string>Release</string>
		</dict>
		<key>D8FE1E521CC2A39700D878BD</key>
		<dict>
			<key>isa</key>
			<string>PBXFileReference</string>
			<key>lastKnownFileType</key>
			<string>sourcecode.c.h</string>
			<key>path</key>
			<string>NomNom-Bridging-Header.h</string>
			<key>sourceTree</key>
			<string>&lt;group&gt;</string>
		</dict>
		<key>D8FE1E531CC2A48300D878BD</key>
		<dict>
			<key>fileEncoding</key>
			<string>4</string>
			<key>isa</key>
			<string>PBXFileReference</string>
			<key>lastKnownFileType</key>
			<string>sourcecode.c.objc</string>
			<key>name</key>
			<string>ClarifyClient.m</string>
			<key>path</key>
			<string>../ClarifyClient.m</string>
			<key>sourceTree</key>
			<string>&lt;group&gt;</string>
		</dict>
		<key>D8FE1E541CC2A48300D878BD</key>
		<dict>
			<key>fileRef</key>
			<string>D8FE1E531CC2A48300D878BD</string>
			<key>isa</key>
			<string>PBXBuildFile</string>
		</dict>
		<key>D8FE1E551CC2A4BB00D878BD</key>
		<dict>
			<key>isa</key>
			<string>PBXFileReference</string>
			<key>lastKnownFileType</key>
			<string>sourcecode.c.h</string>
			<key>name</key>
			<string>ClarifaiClient.h</string>
			<key>path</key>
			<string>../ClarifaiClient.h</string>
			<key>sourceTree</key>
			<string>&lt;group&gt;</string>
		</dict>
		<key>D8FE1E561CC2A4E400D878BD</key>
		<dict>
			<key>isa</key>
			<string>PBXFileReference</string>
			<key>lastKnownFileType</key>
			<string>sourcecode.c.h</string>
			<key>path</key>
			<string>AFNetworkReachabilityManager.h</string>
			<key>sourceTree</key>
			<string>&lt;group&gt;</string>
		</dict>
		<key>D8FE1E571CC2A4EB00D878BD</key>
		<dict>
			<key>fileEncoding</key>
			<string>4</string>
			<key>isa</key>
			<string>PBXFileReference</string>
			<key>lastKnownFileType</key>
			<string>sourcecode.c.objc</string>
			<key>path</key>
			<string>AFNetworkReachabilityManager.m</string>
			<key>sourceTree</key>
			<string>&lt;group&gt;</string>
		</dict>
		<key>D8FE1E581CC2A4EB00D878BD</key>
		<dict>
			<key>fileRef</key>
			<string>D8FE1E571CC2A4EB00D878BD</string>
			<key>isa</key>
			<string>PBXBuildFile</string>
		</dict>
		<key>D8FE1E591CC2A50B00D878BD</key>
		<dict>
			<key>isa</key>
			<string>PBXFileReference</string>
			<key>lastKnownFileType</key>
			<string>sourcecode.c.h</string>
			<key>path</key>
			<string>AFURLConnectionOperation.h</string>
			<key>sourceTree</key>
			<string>&lt;group&gt;</string>
		</dict>
		<key>D8FE1E5A1CC2A51100D878BD</key>
		<dict>
			<key>fileEncoding</key>
			<string>4</string>
			<key>isa</key>
			<string>PBXFileReference</string>
			<key>lastKnownFileType</key>
			<string>sourcecode.c.objc</string>
			<key>path</key>
			<string>AFURLConnectionOperation.m</string>
			<key>sourceTree</key>
			<string>&lt;group&gt;</string>
		</dict>
		<key>D8FE1E5B1CC2A51100D878BD</key>
		<dict>
			<key>fileRef</key>
			<string>D8FE1E5A1CC2A51100D878BD</string>
			<key>isa</key>
			<string>PBXBuildFile</string>
		</dict>
		<key>D8FE1E5C1CC2A51600D878BD</key>
		<dict>
			<key>isa</key>
			<string>PBXFileReference</string>
			<key>lastKnownFileType</key>
			<string>sourcecode.c.h</string>
			<key>path</key>
			<string>AFHTTPRequestOperation.h</string>
			<key>sourceTree</key>
			<string>&lt;group&gt;</string>
		</dict>
		<key>D8FE1E5D1CC2A51B00D878BD</key>
		<dict>
			<key>fileEncoding</key>
			<string>4</string>
			<key>isa</key>
			<string>PBXFileReference</string>
			<key>lastKnownFileType</key>
			<string>sourcecode.c.objc</string>
			<key>path</key>
			<string>AFHTTPRequestOperation.m</string>
			<key>sourceTree</key>
			<string>&lt;group&gt;</string>
		</dict>
		<key>D8FE1E5E1CC2A51B00D878BD</key>
		<dict>
			<key>fileRef</key>
			<string>D8FE1E5D1CC2A51B00D878BD</string>
			<key>isa</key>
			<string>PBXBuildFile</string>
		</dict>
		<key>D8FE1E5F1CC2A52F00D878BD</key>
		<dict>
			<key>isa</key>
			<string>PBXFileReference</string>
			<key>lastKnownFileType</key>
			<string>sourcecode.c.h</string>
			<key>path</key>
			<string>AFHTTPRequestOperationManager.h</string>
			<key>sourceTree</key>
			<string>&lt;group&gt;</string>
		</dict>
		<key>D8FE1E601CC2A53400D878BD</key>
		<dict>
			<key>fileEncoding</key>
			<string>4</string>
			<key>isa</key>
			<string>PBXFileReference</string>
			<key>lastKnownFileType</key>
			<string>sourcecode.c.objc</string>
			<key>path</key>
			<string>AFHTTPRequestOperationManager.m</string>
			<key>sourceTree</key>
			<string>&lt;group&gt;</string>
		</dict>
		<key>D8FE1E611CC2A53400D878BD</key>
		<dict>
			<key>fileRef</key>
			<string>D8FE1E601CC2A53400D878BD</string>
			<key>isa</key>
			<string>PBXBuildFile</string>
		</dict>
		<key>D8FE1E621CC2A54200D878BD</key>
		<dict>
			<key>children</key>
			<array>
				<string>D8FE1E591CC2A50B00D878BD</string>
				<string>D8FE1E5A1CC2A51100D878BD</string>
				<string>D8FE1E5C1CC2A51600D878BD</string>
				<string>D8FE1E5D1CC2A51B00D878BD</string>
				<string>D8FE1E5F1CC2A52F00D878BD</string>
				<string>D8FE1E601CC2A53400D878BD</string>
			</array>
			<key>isa</key>
			<string>PBXGroup</string>
			<key>name</key>
			<string>NSURLConnection</string>
			<key>sourceTree</key>
			<string>&lt;group&gt;</string>
		</dict>
		<key>D8FE1E631CC2A55700D878BD</key>
		<dict>
			<key>isa</key>
			<string>PBXFileReference</string>
			<key>lastKnownFileType</key>
			<string>sourcecode.c.h</string>
			<key>path</key>
			<string>AFHTTPSessionManager.h</string>
			<key>sourceTree</key>
			<string>&lt;group&gt;</string>
		</dict>
		<key>D8FE1E641CC2A56000D878BD</key>
		<dict>
			<key>fileEncoding</key>
			<string>4</string>
			<key>isa</key>
			<string>PBXFileReference</string>
			<key>lastKnownFileType</key>
			<string>sourcecode.c.objc</string>
			<key>path</key>
			<string>AFHTTPSessionManager.m</string>
			<key>sourceTree</key>
			<string>&lt;group&gt;</string>
		</dict>
		<key>D8FE1E651CC2A56000D878BD</key>
		<dict>
			<key>fileRef</key>
			<string>D8FE1E641CC2A56000D878BD</string>
			<key>isa</key>
			<string>PBXBuildFile</string>
		</dict>
		<key>D8FE1E671CC2A64F00D878BD</key>
		<dict>
			<key>isa</key>
			<string>PBXFileReference</string>
			<key>lastKnownFileType</key>
			<string>sourcecode.c.h</string>
			<key>path</key>
			<string>AFURLSessionManager.h</string>
			<key>sourceTree</key>
			<string>&lt;group&gt;</string>
		</dict>
		<key>D8FE1E681CC2A65500D878BD</key>
		<dict>
			<key>fileEncoding</key>
			<string>4</string>
			<key>isa</key>
			<string>PBXFileReference</string>
			<key>lastKnownFileType</key>
			<string>sourcecode.c.objc</string>
			<key>path</key>
			<string>AFURLSessionManager.m</string>
			<key>sourceTree</key>
			<string>&lt;group&gt;</string>
		</dict>
		<key>D8FE1E691CC2A65500D878BD</key>
		<dict>
			<key>fileRef</key>
			<string>D8FE1E681CC2A65500D878BD</string>
			<key>isa</key>
			<string>PBXBuildFile</string>
		</dict>
		<key>D8FE1E6A1CC2A66E00D878BD</key>
		<dict>
			<key>children</key>
			<array>
				<string>D8FE1E681CC2A65500D878BD</string>
				<string>D8FE1E671CC2A64F00D878BD</string>
				<string>D8FE1E631CC2A55700D878BD</string>
				<string>D8FE1E641CC2A56000D878BD</string>
			</array>
			<key>isa</key>
			<string>PBXGroup</string>
			<key>name</key>
			<string>NSURLSession</string>
			<key>sourceTree</key>
			<string>&lt;group&gt;</string>
		</dict>
		<key>D8FE1E6B1CC2A6E200D878BD</key>
		<dict>
			<key>isa</key>
			<string>PBXFileReference</string>
			<key>lastKnownFileType</key>
			<string>sourcecode.c.h</string>
			<key>path</key>
			<string>AFNetworking.h</string>
			<key>sourceTree</key>
			<string>&lt;group&gt;</string>
		</dict>
		<key>D8FE1E6C1CC2A6E900D878BD</key>
		<dict>
			<key>children</key>
			<array>
				<string>D8FE1E561CC2A4E400D878BD</string>
				<string>D8FE1E571CC2A4EB00D878BD</string>
				<string>D8FE1E6B1CC2A6E200D878BD</string>
			</array>
			<key>isa</key>
			<string>PBXGroup</string>
			<key>name</key>
			<string>AFNetworking</string>
			<key>sourceTree</key>
			<string>&lt;group&gt;</string>
		</dict>
		<key>D8FE1E6D1CC2A6F500D878BD</key>
		<dict>
			<key>isa</key>
			<string>PBXFileReference</string>
			<key>lastKnownFileType</key>
			<string>sourcecode.c.h</string>
			<key>path</key>
			<string>AFSecurityPolicy.h</string>
			<key>sourceTree</key>
			<string>&lt;group&gt;</string>
		</dict>
		<key>D8FE1E6E1CC2A6FB00D878BD</key>
		<dict>
			<key>fileEncoding</key>
			<string>4</string>
			<key>isa</key>
			<string>PBXFileReference</string>
			<key>lastKnownFileType</key>
			<string>sourcecode.c.objc</string>
			<key>path</key>
			<string>AFSecurityPolicy.m</string>
			<key>sourceTree</key>
			<string>&lt;group&gt;</string>
		</dict>
		<key>D8FE1E6F1CC2A6FB00D878BD</key>
		<dict>
			<key>fileRef</key>
			<string>D8FE1E6E1CC2A6FB00D878BD</string>
			<key>isa</key>
			<string>PBXBuildFile</string>
		</dict>
		<key>D8FE1E701CC2A70100D878BD</key>
		<dict>
			<key>children</key>
			<array>
				<string>D8FE1E6D1CC2A6F500D878BD</string>
				<string>D8FE1E6E1CC2A6FB00D878BD</string>
			</array>
			<key>isa</key>
			<string>PBXGroup</string>
			<key>name</key>
			<string>Security</string>
			<key>sourceTree</key>
			<string>&lt;group&gt;</string>
		</dict>
		<key>D8FE1E711CC2A70D00D878BD</key>
		<dict>
			<key>isa</key>
			<string>PBXFileReference</string>
			<key>lastKnownFileType</key>
			<string>sourcecode.c.h</string>
			<key>path</key>
			<string>AFURLRequestSerialization.h</string>
			<key>sourceTree</key>
			<string>&lt;group&gt;</string>
		</dict>
		<key>D8FE1E721CC2A71200D878BD</key>
		<dict>
			<key>fileEncoding</key>
			<string>4</string>
			<key>isa</key>
			<string>PBXFileReference</string>
			<key>lastKnownFileType</key>
			<string>sourcecode.c.objc</string>
			<key>path</key>
			<string>AFURLRequestSerialization.m</string>
			<key>sourceTree</key>
			<string>&lt;group&gt;</string>
		</dict>
		<key>D8FE1E731CC2A71200D878BD</key>
		<dict>
			<key>fileRef</key>
			<string>D8FE1E721CC2A71200D878BD</string>
			<key>isa</key>
			<string>PBXBuildFile</string>
		</dict>
		<key>D8FE1E741CC2A71700D878BD</key>
		<dict>
			<key>isa</key>
			<string>PBXFileReference</string>
			<key>lastKnownFileType</key>
			<string>sourcecode.c.h</string>
			<key>path</key>
			<string>AFURLResponseSerialization.h</string>
			<key>sourceTree</key>
			<string>&lt;group&gt;</string>
		</dict>
		<key>D8FE1E751CC2A71D00D878BD</key>
		<dict>
			<key>fileEncoding</key>
			<string>4</string>
			<key>isa</key>
			<string>PBXFileReference</string>
			<key>lastKnownFileType</key>
			<string>sourcecode.c.objc</string>
			<key>path</key>
			<string>AFURLResponseSerialization.m</string>
			<key>sourceTree</key>
			<string>&lt;group&gt;</string>
		</dict>
		<key>D8FE1E761CC2A71D00D878BD</key>
		<dict>
			<key>fileRef</key>
			<string>D8FE1E751CC2A71D00D878BD</string>
			<key>isa</key>
			<string>PBXBuildFile</string>
		</dict>
		<key>D8FE1E771CC2A75E00D878BD</key>
		<dict>
			<key>children</key>
			<array>
				<string>D8FE1E7A1CC2A77100D878BD</string>
				<string>D8FE1E7C1CC2A77900D878BD</string>
				<string>D8FE1E781CC2A76A00D878BD</string>
				<string>D8FE1E711CC2A70D00D878BD</string>
				<string>D8FE1E741CC2A71700D878BD</string>
				<string>D8FE1E721CC2A71200D878BD</string>
				<string>D8FE1E751CC2A71D00D878BD</string>
			</array>
			<key>isa</key>
			<string>PBXGroup</string>
			<key>name</key>
			<string>Serialization</string>
			<key>sourceTree</key>
			<string>&lt;group&gt;</string>
		</dict>
		<key>D8FE1E781CC2A76A00D878BD</key>
		<dict>
			<key>isa</key>
			<string>PBXFileReference</string>
			<key>lastKnownFileType</key>
			<string>archive.ar</string>
			<key>path</key>
			<string>libPods-ClarifaiApiDemo.a</string>
			<key>sourceTree</key>
			<string>&lt;group&gt;</string>
		</dict>
		<key>D8FE1E791CC2A76A00D878BD</key>
		<dict>
			<key>fileRef</key>
			<string>D8FE1E781CC2A76A00D878BD</string>
			<key>isa</key>
			<string>PBXBuildFile</string>
		</dict>
		<key>D8FE1E7A1CC2A77100D878BD</key>
		<dict>
			<key>fileEncoding</key>
			<string>4</string>
			<key>isa</key>
			<string>PBXFileReference</string>
			<key>lastKnownFileType</key>
			<string>text.xcconfig</string>
			<key>path</key>
			<string>Pods-ClarifaiApiDemo.debug.xcconfig</string>
			<key>sourceTree</key>
			<string>&lt;group&gt;</string>
		</dict>
		<key>D8FE1E7B1CC2A77100D878BD</key>
		<dict>
			<key>fileRef</key>
			<string>D8FE1E7A1CC2A77100D878BD</string>
			<key>isa</key>
			<string>PBXBuildFile</string>
		</dict>
		<key>D8FE1E7C1CC2A77900D878BD</key>
		<dict>
			<key>fileEncoding</key>
			<string>4</string>
			<key>isa</key>
			<string>PBXFileReference</string>
			<key>lastKnownFileType</key>
			<string>text.xcconfig</string>
			<key>path</key>
			<string>Pods-ClarifaiApiDemo.release.xcconfig</string>
			<key>sourceTree</key>
			<string>&lt;group&gt;</string>
		</dict>
		<key>D8FE1E7D1CC2A77900D878BD</key>
		<dict>
			<key>fileRef</key>
			<string>D8FE1E7C1CC2A77900D878BD</string>
			<key>isa</key>
			<string>PBXBuildFile</string>
		</dict>
		<key>D8FE1E7E1CC2A79400D878BD</key>
		<dict>
			<key>fileEncoding</key>
			<string>4</string>
			<key>isa</key>
			<string>PBXFileReference</string>
			<key>lastKnownFileType</key>
			<string>text</string>
			<key>path</key>
			<string>Podfile</string>
			<key>sourceTree</key>
			<string>&lt;group&gt;</string>
		</dict>
		<key>D8FE1E7F1CC2A79400D878BD</key>
		<dict>
			<key>fileRef</key>
			<string>D8FE1E7E1CC2A79400D878BD</string>
			<key>isa</key>
			<string>PBXBuildFile</string>
		</dict>
		<key>D8FE1E801CC2A7AE00D878BD</key>
		<dict>
			<key>children</key>
			<array>
				<string>D8FE1E7E1CC2A79400D878BD</string>
				<string>D8FE1E771CC2A75E00D878BD</string>
				<string>D8FE1E701CC2A70100D878BD</string>
				<string>D8FE1E6C1CC2A6E900D878BD</string>
				<string>D8FE1E6A1CC2A66E00D878BD</string>
				<string>D8FE1E621CC2A54200D878BD</string>
				<string>F3FF97DE36C812EBCB31E545</string>
				<string>49BCBAD603A1BE1268895368</string>
			</array>
			<key>isa</key>
			<string>PBXGroup</string>
			<key>name</key>
			<string>Pods</string>
			<key>path</key>
			<string>NomNom</string>
			<key>sourceTree</key>
			<string>&lt;group&gt;</string>
		</dict>
		<key>D8FE1E811CC2A83500D878BD</key>
		<dict>
			<key>fileEncoding</key>
			<string>4</string>
			<key>isa</key>
			<string>PBXFileReference</string>
			<key>lastKnownFileType</key>
			<string>sourcecode.swift</string>
			<key>name</key>
			<string>Credentials.swift</string>
			<key>path</key>
			<string>../Credentials.swift</string>
			<key>sourceTree</key>
			<string>&lt;group&gt;</string>
		</dict>
		<key>D8FE1E821CC2A83500D878BD</key>
		<dict>
			<key>fileRef</key>
			<string>D8FE1E811CC2A83500D878BD</string>
			<key>isa</key>
			<string>PBXBuildFile</string>
		</dict>
		<key>D8FE1E831CC2AB8F00D878BD</key>
		<dict>
			<key>fileEncoding</key>
			<string>4</string>
			<key>isa</key>
			<string>PBXFileReference</string>
			<key>lastKnownFileType</key>
			<string>sourcecode.swift</string>
			<key>path</key>
			<string>ClarifyRecognitionViewController.swift</string>
			<key>sourceTree</key>
			<string>&lt;group&gt;</string>
		</dict>
		<key>D8FE1E841CC2AB8F00D878BD</key>
		<dict>
			<key>fileRef</key>
			<string>D8FE1E831CC2AB8F00D878BD</string>
			<key>isa</key>
			<string>PBXBuildFile</string>
		</dict>
		<key>F3FF97DE36C812EBCB31E545</key>
		<dict>
			<key>includeInIndex</key>
			<string>1</string>
			<key>isa</key>
			<string>PBXFileReference</string>
			<key>lastKnownFileType</key>
			<string>text.xcconfig</string>
			<key>name</key>
			<string>Pods-NomNom.debug.xcconfig</string>
			<key>path</key>
			<string>Pods/Target Support Files/Pods-NomNom/Pods-NomNom.debug.xcconfig</string>
			<key>sourceTree</key>
			<string>&lt;group&gt;</string>
		</dict>
	</dict>
	<key>rootObject</key>
	<string>D8FE1E171CC2996B00D878BD</string>
</dict>
</plist>
